// !$*UTF8*$!
{
	archiveVersion = 1;
	classes = {
	};
	objectVersion = 55;
	objects = {

/* Begin PBXBuildFile section */
		58056F4029927DD6002914D9 /* StorageManager.swift in Sources */ = {isa = PBXBuildFile; fileRef = 58056F3F29927DD6002914D9 /* StorageManager.swift */; };
		58056F42299438AF002914D9 /* ProfileViewController.swift in Sources */ = {isa = PBXBuildFile; fileRef = 58056F41299438AF002914D9 /* ProfileViewController.swift */; };
		58116CBB2965730900106CB1 /* FeedViewController.swift in Sources */ = {isa = PBXBuildFile; fileRef = 58116CBA2965730900106CB1 /* FeedViewController.swift */; };
		58116CBE29658BB300106CB1 /* TableViewCell.swift in Sources */ = {isa = PBXBuildFile; fileRef = 58116CBC29658BB300106CB1 /* TableViewCell.swift */; };
		58116CBF29658BB300106CB1 /* TableViewCell.xib in Resources */ = {isa = PBXBuildFile; fileRef = 58116CBD29658BB300106CB1 /* TableViewCell.xib */; };
		58116CC2296C9DBB00106CB1 /* SideMenu in Frameworks */ = {isa = PBXBuildFile; productRef = 58116CC1296C9DBB00106CB1 /* SideMenu */; };
		583AF36E2951FF300051BAEC /* LoginViewController.swift in Sources */ = {isa = PBXBuildFile; fileRef = 583AF36D2951FF300051BAEC /* LoginViewController.swift */; };
		583AF3702951FF3B0051BAEC /* RegisterViewController.swift in Sources */ = {isa = PBXBuildFile; fileRef = 583AF36F2951FF3B0051BAEC /* RegisterViewController.swift */; };
		583C4399296D9C8000923A35 /* TabBarViewController.swift in Sources */ = {isa = PBXBuildFile; fileRef = 583C4398296D9C8000923A35 /* TabBarViewController.swift */; };
		5850EAAC298AFB01004CB3AE /* ChatViewController.swift in Sources */ = {isa = PBXBuildFile; fileRef = 5850EAAB298AFB01004CB3AE /* ChatViewController.swift */; };
		5850EAAE298D11F0004CB3AE /* SearchViewController.swift in Sources */ = {isa = PBXBuildFile; fileRef = 5850EAAD298D11F0004CB3AE /* SearchViewController.swift */; };
		587452B72973511D00B7994B /* LoginAndRegisterStoryboard.storyboard in Resources */ = {isa = PBXBuildFile; fileRef = 587452B62973511D00B7994B /* LoginAndRegisterStoryboard.storyboard */; };
		587452B92973554A00B7994B /* Extensions.swift in Sources */ = {isa = PBXBuildFile; fileRef = 587452B82973554A00B7994B /* Extensions.swift */; };
		58955D4A294B5C0D0060C43C /* AppDelegate.swift in Sources */ = {isa = PBXBuildFile; fileRef = 58955D49294B5C0D0060C43C /* AppDelegate.swift */; };
		58955D4C294B5C0D0060C43C /* SceneDelegate.swift in Sources */ = {isa = PBXBuildFile; fileRef = 58955D4B294B5C0D0060C43C /* SceneDelegate.swift */; };
		58955D4E294B5C0D0060C43C /* ViewController.swift in Sources */ = {isa = PBXBuildFile; fileRef = 58955D4D294B5C0D0060C43C /* ViewController.swift */; };
		58955D51294B5C0D0060C43C /* Main.storyboard in Resources */ = {isa = PBXBuildFile; fileRef = 58955D4F294B5C0D0060C43C /* Main.storyboard */; };
		58955D54294B5C0D0060C43C /* iBazre.xcdatamodeld in Sources */ = {isa = PBXBuildFile; fileRef = 58955D52294B5C0D0060C43C /* iBazre.xcdatamodeld */; };
		58955D56294B5C0E0060C43C /* Assets.xcassets in Resources */ = {isa = PBXBuildFile; fileRef = 58955D55294B5C0E0060C43C /* Assets.xcassets */; };
		58955D59294B5C0E0060C43C /* LaunchScreen.storyboard in Resources */ = {isa = PBXBuildFile; fileRef = 58955D57294B5C0E0060C43C /* LaunchScreen.storyboard */; };
		58A0D413298A70F70035EFC2 /* JGProgressHUD in Frameworks */ = {isa = PBXBuildFile; productRef = 58A0D412298A70F70035EFC2 /* JGProgressHUD */; };
		58A0D416298A725B0035EFC2 /* MessageKit in Frameworks */ = {isa = PBXBuildFile; productRef = 58A0D415298A725B0035EFC2 /* MessageKit */; };
		58A0D419298A73810035EFC2 /* Realm in Frameworks */ = {isa = PBXBuildFile; productRef = 58A0D418298A73810035EFC2 /* Realm */; };
		58A0D41B298A73810035EFC2 /* RealmSwift in Frameworks */ = {isa = PBXBuildFile; productRef = 58A0D41A298A73810035EFC2 /* RealmSwift */; };
		58F66E182979112E00CB8D36 /* FirebaseAuth in Frameworks */ = {isa = PBXBuildFile; productRef = 58F66E172979112E00CB8D36 /* FirebaseAuth */; };
		58F66E1A2979112E00CB8D36 /* FirebaseDatabase in Frameworks */ = {isa = PBXBuildFile; productRef = 58F66E192979112E00CB8D36 /* FirebaseDatabase */; };
		58F66E1C2979112E00CB8D36 /* FirebaseFirestore in Frameworks */ = {isa = PBXBuildFile; productRef = 58F66E1B2979112E00CB8D36 /* FirebaseFirestore */; };
		58F66E1E2979112E00CB8D36 /* FirebaseMessaging in Frameworks */ = {isa = PBXBuildFile; productRef = 58F66E1D2979112E00CB8D36 /* FirebaseMessaging */; };
		58F66E202979112E00CB8D36 /* FirebaseStorage in Frameworks */ = {isa = PBXBuildFile; productRef = 58F66E1F2979112E00CB8D36 /* FirebaseStorage */; };
		58F66E24297A2CFF00CB8D36 /* MenuViewController.swift in Sources */ = {isa = PBXBuildFile; fileRef = 58F66E23297A2CFF00CB8D36 /* MenuViewController.swift */; };
		58F66E26297B503100CB8D36 /* Utility.swift in Sources */ = {isa = PBXBuildFile; fileRef = 58F66E25297B503100CB8D36 /* Utility.swift */; };
		58F66E28297B551400CB8D36 /* DatabaseManager.swift in Sources */ = {isa = PBXBuildFile; fileRef = 58F66E27297B551400CB8D36 /* DatabaseManager.swift */; };
		58F66E2A297B577700CB8D36 /* GoogleService-Info.plist in Resources */ = {isa = PBXBuildFile; fileRef = 58F66E29297B577700CB8D36 /* GoogleService-Info.plist */; };
/* End PBXBuildFile section */

/* Begin PBXFileReference section */
		58056F3F29927DD6002914D9 /* StorageManager.swift */ = {isa = PBXFileReference; lastKnownFileType = sourcecode.swift; path = StorageManager.swift; sourceTree = "<group>"; };
		58056F41299438AF002914D9 /* ProfileViewController.swift */ = {isa = PBXFileReference; lastKnownFileType = sourcecode.swift; path = ProfileViewController.swift; sourceTree = "<group>"; };
		58116CBA2965730900106CB1 /* FeedViewController.swift */ = {isa = PBXFileReference; lastKnownFileType = sourcecode.swift; path = FeedViewController.swift; sourceTree = "<group>"; };
		58116CBC29658BB300106CB1 /* TableViewCell.swift */ = {isa = PBXFileReference; lastKnownFileType = sourcecode.swift; path = TableViewCell.swift; sourceTree = "<group>"; };
		58116CBD29658BB300106CB1 /* TableViewCell.xib */ = {isa = PBXFileReference; lastKnownFileType = file.xib; path = TableViewCell.xib; sourceTree = "<group>"; };
		583AF36D2951FF300051BAEC /* LoginViewController.swift */ = {isa = PBXFileReference; lastKnownFileType = sourcecode.swift; path = LoginViewController.swift; sourceTree = "<group>"; };
		583AF36F2951FF3B0051BAEC /* RegisterViewController.swift */ = {isa = PBXFileReference; lastKnownFileType = sourcecode.swift; path = RegisterViewController.swift; sourceTree = "<group>"; };
		583C4398296D9C8000923A35 /* TabBarViewController.swift */ = {isa = PBXFileReference; lastKnownFileType = sourcecode.swift; path = TabBarViewController.swift; sourceTree = "<group>"; };
		5850EAAB298AFB01004CB3AE /* ChatViewController.swift */ = {isa = PBXFileReference; lastKnownFileType = sourcecode.swift; path = ChatViewController.swift; sourceTree = "<group>"; };
		5850EAAD298D11F0004CB3AE /* SearchViewController.swift */ = {isa = PBXFileReference; lastKnownFileType = sourcecode.swift; path = SearchViewController.swift; sourceTree = "<group>"; };
		587452B62973511D00B7994B /* LoginAndRegisterStoryboard.storyboard */ = {isa = PBXFileReference; lastKnownFileType = file.storyboard; path = LoginAndRegisterStoryboard.storyboard; sourceTree = "<group>"; };
		587452B82973554A00B7994B /* Extensions.swift */ = {isa = PBXFileReference; lastKnownFileType = sourcecode.swift; path = Extensions.swift; sourceTree = "<group>"; };
		58955D46294B5C0D0060C43C /* iBazre.app */ = {isa = PBXFileReference; explicitFileType = wrapper.application; includeInIndex = 0; path = iBazre.app; sourceTree = BUILT_PRODUCTS_DIR; };
		58955D49294B5C0D0060C43C /* AppDelegate.swift */ = {isa = PBXFileReference; lastKnownFileType = sourcecode.swift; path = AppDelegate.swift; sourceTree = "<group>"; };
		58955D4B294B5C0D0060C43C /* SceneDelegate.swift */ = {isa = PBXFileReference; lastKnownFileType = sourcecode.swift; path = SceneDelegate.swift; sourceTree = "<group>"; };
		58955D4D294B5C0D0060C43C /* ViewController.swift */ = {isa = PBXFileReference; lastKnownFileType = sourcecode.swift; path = ViewController.swift; sourceTree = "<group>"; };
		58955D50294B5C0D0060C43C /* Base */ = {isa = PBXFileReference; lastKnownFileType = file.storyboard; name = Base; path = Base.lproj/Main.storyboard; sourceTree = "<group>"; };
		58955D53294B5C0D0060C43C /* iBazre.xcdatamodel */ = {isa = PBXFileReference; lastKnownFileType = wrapper.xcdatamodel; path = iBazre.xcdatamodel; sourceTree = "<group>"; };
		58955D55294B5C0E0060C43C /* Assets.xcassets */ = {isa = PBXFileReference; lastKnownFileType = folder.assetcatalog; path = Assets.xcassets; sourceTree = "<group>"; };
		58955D58294B5C0E0060C43C /* Base */ = {isa = PBXFileReference; lastKnownFileType = file.storyboard; name = Base; path = Base.lproj/LaunchScreen.storyboard; sourceTree = "<group>"; };
		58955D5A294B5C0E0060C43C /* Info.plist */ = {isa = PBXFileReference; lastKnownFileType = text.plist.xml; path = Info.plist; sourceTree = "<group>"; };
		58F66E23297A2CFF00CB8D36 /* MenuViewController.swift */ = {isa = PBXFileReference; lastKnownFileType = sourcecode.swift; path = MenuViewController.swift; sourceTree = "<group>"; };
		58F66E25297B503100CB8D36 /* Utility.swift */ = {isa = PBXFileReference; lastKnownFileType = sourcecode.swift; path = Utility.swift; sourceTree = "<group>"; };
		58F66E27297B551400CB8D36 /* DatabaseManager.swift */ = {isa = PBXFileReference; lastKnownFileType = sourcecode.swift; path = DatabaseManager.swift; sourceTree = "<group>"; };
		58F66E29297B577700CB8D36 /* GoogleService-Info.plist */ = {isa = PBXFileReference; fileEncoding = 4; lastKnownFileType = text.plist.xml; path = "GoogleService-Info.plist"; sourceTree = "<group>"; };
/* End PBXFileReference section */

/* Begin PBXFrameworksBuildPhase section */
		58955D43294B5C0D0060C43C /* Frameworks */ = {
			isa = PBXFrameworksBuildPhase;
			buildActionMask = 2147483647;
			files = (
				58F66E1A2979112E00CB8D36 /* FirebaseDatabase in Frameworks */,
				58A0D413298A70F70035EFC2 /* JGProgressHUD in Frameworks */,
				58F66E1C2979112E00CB8D36 /* FirebaseFirestore in Frameworks */,
				58F66E1E2979112E00CB8D36 /* FirebaseMessaging in Frameworks */,
				58116CC2296C9DBB00106CB1 /* SideMenu in Frameworks */,
				58F66E182979112E00CB8D36 /* FirebaseAuth in Frameworks */,
				58A0D419298A73810035EFC2 /* Realm in Frameworks */,
				58F66E202979112E00CB8D36 /* FirebaseStorage in Frameworks */,
				58A0D41B298A73810035EFC2 /* RealmSwift in Frameworks */,
				58A0D416298A725B0035EFC2 /* MessageKit in Frameworks */,
			);
			runOnlyForDeploymentPostprocessing = 0;
		};
/* End PBXFrameworksBuildPhase section */

/* Begin PBXGroup section */
		583AF3672951FBC80051BAEC /* Views */ = {
			isa = PBXGroup;
			children = (
				587452B5297350D000B7994B /* Cells */,
				583AF36C2951FC6C0051BAEC /* Storyboards */,
				58955D55294B5C0E0060C43C /* Assets.xcassets */,
			);
			path = Views;
			sourceTree = "<group>";
		};
		583AF3682951FBD50051BAEC /* ViewModels */ = {
			isa = PBXGroup;
			children = (
			);
			path = ViewModels;
			sourceTree = "<group>";
		};
		583AF3692951FBDB0051BAEC /* Controllers */ = {
			isa = PBXGroup;
			children = (
				58955D4D294B5C0D0060C43C /* ViewController.swift */,
				583AF36D2951FF300051BAEC /* LoginViewController.swift */,
				583AF36F2951FF3B0051BAEC /* RegisterViewController.swift */,
				58116CBA2965730900106CB1 /* FeedViewController.swift */,
				58116CBC29658BB300106CB1 /* TableViewCell.swift */,
				583C4398296D9C8000923A35 /* TabBarViewController.swift */,
				58F66E23297A2CFF00CB8D36 /* MenuViewController.swift */,
				5850EAAB298AFB01004CB3AE /* ChatViewController.swift */,
				5850EAAD298D11F0004CB3AE /* SearchViewController.swift */,
				58056F41299438AF002914D9 /* ProfileViewController.swift */,
			);
			path = Controllers;
			sourceTree = "<group>";
		};
		583AF36A2951FBE20051BAEC /* Models */ = {
			isa = PBXGroup;
			children = (
			);
			path = Models;
			sourceTree = "<group>";
		};
		583AF36B2951FBE90051BAEC /* Resources */ = {
			isa = PBXGroup;
			children = (
				58955D49294B5C0D0060C43C /* AppDelegate.swift */,
				58955D4B294B5C0D0060C43C /* SceneDelegate.swift */,
				587452B82973554A00B7994B /* Extensions.swift */,
				58F66E25297B503100CB8D36 /* Utility.swift */,
				58F66E27297B551400CB8D36 /* DatabaseManager.swift */,
				58056F3F29927DD6002914D9 /* StorageManager.swift */,
			);
			path = Resources;
			sourceTree = "<group>";
		};
		583AF36C2951FC6C0051BAEC /* Storyboards */ = {
			isa = PBXGroup;
			children = (
				58955D4F294B5C0D0060C43C /* Main.storyboard */,
				587452B62973511D00B7994B /* LoginAndRegisterStoryboard.storyboard */,
				58955D57294B5C0E0060C43C /* LaunchScreen.storyboard */,
			);
			path = Storyboards;
			sourceTree = "<group>";
		};
		587452B5297350D000B7994B /* Cells */ = {
			isa = PBXGroup;
			children = (
				58116CBD29658BB300106CB1 /* TableViewCell.xib */,
			);
			path = Cells;
			sourceTree = "<group>";
		};
		58955D3D294B5C0D0060C43C = {
			isa = PBXGroup;
			children = (
				58955D48294B5C0D0060C43C /* iBazre */,
				58955D47294B5C0D0060C43C /* Products */,
			);
			sourceTree = "<group>";
		};
		58955D47294B5C0D0060C43C /* Products */ = {
			isa = PBXGroup;
			children = (
				58955D46294B5C0D0060C43C /* iBazre.app */,
			);
			name = Products;
			sourceTree = "<group>";
		};
		58955D48294B5C0D0060C43C /* iBazre */ = {
			isa = PBXGroup;
			children = (
				583AF3692951FBDB0051BAEC /* Controllers */,
				583AF36B2951FBE90051BAEC /* Resources */,
				583AF36A2951FBE20051BAEC /* Models */,
				583AF3682951FBD50051BAEC /* ViewModels */,
				583AF3672951FBC80051BAEC /* Views */,
				58955D5A294B5C0E0060C43C /* Info.plist */,
				58955D52294B5C0D0060C43C /* iBazre.xcdatamodeld */,
				58F66E29297B577700CB8D36 /* GoogleService-Info.plist */,
			);
			path = iBazre;
			sourceTree = "<group>";
		};
/* End PBXGroup section */

/* Begin PBXNativeTarget section */
		58955D45294B5C0D0060C43C /* iBazre */ = {
			isa = PBXNativeTarget;
			buildConfigurationList = 58955D5D294B5C0E0060C43C /* Build configuration list for PBXNativeTarget "iBazre" */;
			buildPhases = (
				58955D42294B5C0D0060C43C /* Sources */,
				58955D43294B5C0D0060C43C /* Frameworks */,
				58955D44294B5C0D0060C43C /* Resources */,
			);
			buildRules = (
			);
			dependencies = (
			);
			name = iBazre;
			packageProductDependencies = (
				58116CC1296C9DBB00106CB1 /* SideMenu */,
				58F66E172979112E00CB8D36 /* FirebaseAuth */,
				58F66E192979112E00CB8D36 /* FirebaseDatabase */,
				58F66E1B2979112E00CB8D36 /* FirebaseFirestore */,
				58F66E1D2979112E00CB8D36 /* FirebaseMessaging */,
				58F66E1F2979112E00CB8D36 /* FirebaseStorage */,
				58A0D412298A70F70035EFC2 /* JGProgressHUD */,
				58A0D415298A725B0035EFC2 /* MessageKit */,
				58A0D418298A73810035EFC2 /* Realm */,
				58A0D41A298A73810035EFC2 /* RealmSwift */,
			);
			productName = iBazre;
			productReference = 58955D46294B5C0D0060C43C /* iBazre.app */;
			productType = "com.apple.product-type.application";
		};
/* End PBXNativeTarget section */

/* Begin PBXProject section */
		58955D3E294B5C0D0060C43C /* Project object */ = {
			isa = PBXProject;
			attributes = {
				BuildIndependentTargetsInParallel = 1;
				LastSwiftUpdateCheck = 1340;
				LastUpgradeCheck = 1340;
				TargetAttributes = {
					58955D45294B5C0D0060C43C = {
						CreatedOnToolsVersion = 13.4.1;
					};
				};
			};
			buildConfigurationList = 58955D41294B5C0D0060C43C /* Build configuration list for PBXProject "iBazre" */;
			compatibilityVersion = "Xcode 13.0";
			developmentRegion = en;
			hasScannedForEncodings = 0;
			knownRegions = (
				en,
				Base,
			);
			mainGroup = 58955D3D294B5C0D0060C43C;
			packageReferences = (
				58116CC0296C9DBB00106CB1 /* XCRemoteSwiftPackageReference "SideMenu" */,
				58F66E162979112E00CB8D36 /* XCRemoteSwiftPackageReference "firebase-ios-sdk" */,
				58A0D411298A70F70035EFC2 /* XCRemoteSwiftPackageReference "JGProgressHUD" */,
				58A0D414298A725B0035EFC2 /* XCRemoteSwiftPackageReference "MessageKit" */,
				58A0D417298A73810035EFC2 /* XCRemoteSwiftPackageReference "realm-swift" */,
			);
			productRefGroup = 58955D47294B5C0D0060C43C /* Products */;
			projectDirPath = "";
			projectRoot = "";
			targets = (
				58955D45294B5C0D0060C43C /* iBazre */,
			);
		};
/* End PBXProject section */

/* Begin PBXResourcesBuildPhase section */
		58955D44294B5C0D0060C43C /* Resources */ = {
			isa = PBXResourcesBuildPhase;
			buildActionMask = 2147483647;
			files = (
				58955D59294B5C0E0060C43C /* LaunchScreen.storyboard in Resources */,
				587452B72973511D00B7994B /* LoginAndRegisterStoryboard.storyboard in Resources */,
				58116CBF29658BB300106CB1 /* TableViewCell.xib in Resources */,
				58955D56294B5C0E0060C43C /* Assets.xcassets in Resources */,
				58F66E2A297B577700CB8D36 /* GoogleService-Info.plist in Resources */,
				58955D51294B5C0D0060C43C /* Main.storyboard in Resources */,
			);
			runOnlyForDeploymentPostprocessing = 0;
		};
/* End PBXResourcesBuildPhase section */

/* Begin PBXSourcesBuildPhase section */
		58955D42294B5C0D0060C43C /* Sources */ = {
			isa = PBXSourcesBuildPhase;
			buildActionMask = 2147483647;
			files = (
				5850EAAE298D11F0004CB3AE /* SearchViewController.swift in Sources */,
				587452B92973554A00B7994B /* Extensions.swift in Sources */,
				58955D54294B5C0D0060C43C /* iBazre.xcdatamodeld in Sources */,
				58F66E28297B551400CB8D36 /* DatabaseManager.swift in Sources */,
				58116CBE29658BB300106CB1 /* TableViewCell.swift in Sources */,
				58955D4E294B5C0D0060C43C /* ViewController.swift in Sources */,
				58F66E24297A2CFF00CB8D36 /* MenuViewController.swift in Sources */,
				58056F42299438AF002914D9 /* ProfileViewController.swift in Sources */,
				58955D4A294B5C0D0060C43C /* AppDelegate.swift in Sources */,
				583C4399296D9C8000923A35 /* TabBarViewController.swift in Sources */,
				583AF3702951FF3B0051BAEC /* RegisterViewController.swift in Sources */,
				58F66E26297B503100CB8D36 /* Utility.swift in Sources */,
				5850EAAC298AFB01004CB3AE /* ChatViewController.swift in Sources */,
				583AF36E2951FF300051BAEC /* LoginViewController.swift in Sources */,
				58955D4C294B5C0D0060C43C /* SceneDelegate.swift in Sources */,
				58116CBB2965730900106CB1 /* FeedViewController.swift in Sources */,
				58056F4029927DD6002914D9 /* StorageManager.swift in Sources */,
			);
			runOnlyForDeploymentPostprocessing = 0;
		};
/* End PBXSourcesBuildPhase section */

/* Begin PBXVariantGroup section */
		58955D4F294B5C0D0060C43C /* Main.storyboard */ = {
			isa = PBXVariantGroup;
			children = (
				58955D50294B5C0D0060C43C /* Base */,
			);
			name = Main.storyboard;
			sourceTree = "<group>";
		};
		58955D57294B5C0E0060C43C /* LaunchScreen.storyboard */ = {
			isa = PBXVariantGroup;
			children = (
				58955D58294B5C0E0060C43C /* Base */,
			);
			name = LaunchScreen.storyboard;
			sourceTree = "<group>";
		};
/* End PBXVariantGroup section */

/* Begin XCBuildConfiguration section */
		58955D5B294B5C0E0060C43C /* Debug */ = {
			isa = XCBuildConfiguration;
			buildSettings = {
				ALWAYS_SEARCH_USER_PATHS = NO;
				CLANG_ANALYZER_NONNULL = YES;
				CLANG_ANALYZER_NUMBER_OBJECT_CONVERSION = YES_AGGRESSIVE;
				CLANG_CXX_LANGUAGE_STANDARD = "gnu++17";
				CLANG_ENABLE_MODULES = YES;
				CLANG_ENABLE_OBJC_ARC = YES;
				CLANG_ENABLE_OBJC_WEAK = YES;
				CLANG_WARN_BLOCK_CAPTURE_AUTORELEASING = YES;
				CLANG_WARN_BOOL_CONVERSION = YES;
				CLANG_WARN_COMMA = YES;
				CLANG_WARN_CONSTANT_CONVERSION = YES;
				CLANG_WARN_DEPRECATED_OBJC_IMPLEMENTATIONS = YES;
				CLANG_WARN_DIRECT_OBJC_ISA_USAGE = YES_ERROR;
				CLANG_WARN_DOCUMENTATION_COMMENTS = YES;
				CLANG_WARN_EMPTY_BODY = YES;
				CLANG_WARN_ENUM_CONVERSION = YES;
				CLANG_WARN_INFINITE_RECURSION = YES;
				CLANG_WARN_INT_CONVERSION = YES;
				CLANG_WARN_NON_LITERAL_NULL_CONVERSION = YES;
				CLANG_WARN_OBJC_IMPLICIT_RETAIN_SELF = YES;
				CLANG_WARN_OBJC_LITERAL_CONVERSION = YES;
				CLANG_WARN_OBJC_ROOT_CLASS = YES_ERROR;
				CLANG_WARN_QUOTED_INCLUDE_IN_FRAMEWORK_HEADER = YES;
				CLANG_WARN_RANGE_LOOP_ANALYSIS = YES;
				CLANG_WARN_STRICT_PROTOTYPES = YES;
				CLANG_WARN_SUSPICIOUS_MOVE = YES;
				CLANG_WARN_UNGUARDED_AVAILABILITY = YES_AGGRESSIVE;
				CLANG_WARN_UNREACHABLE_CODE = YES;
				CLANG_WARN__DUPLICATE_METHOD_MATCH = YES;
				COPY_PHASE_STRIP = NO;
				DEBUG_INFORMATION_FORMAT = dwarf;
				ENABLE_STRICT_OBJC_MSGSEND = YES;
				ENABLE_TESTABILITY = YES;
				GCC_C_LANGUAGE_STANDARD = gnu11;
				GCC_DYNAMIC_NO_PIC = NO;
				GCC_NO_COMMON_BLOCKS = YES;
				GCC_OPTIMIZATION_LEVEL = 0;
				GCC_PREPROCESSOR_DEFINITIONS = (
					"DEBUG=1",
					"$(inherited)",
				);
				GCC_WARN_64_TO_32_BIT_CONVERSION = YES;
				GCC_WARN_ABOUT_RETURN_TYPE = YES_ERROR;
				GCC_WARN_UNDECLARED_SELECTOR = YES;
				GCC_WARN_UNINITIALIZED_AUTOS = YES_AGGRESSIVE;
				GCC_WARN_UNUSED_FUNCTION = YES;
				GCC_WARN_UNUSED_VARIABLE = YES;
				IPHONEOS_DEPLOYMENT_TARGET = 15.5;
				MTL_ENABLE_DEBUG_INFO = INCLUDE_SOURCE;
				MTL_FAST_MATH = YES;
				ONLY_ACTIVE_ARCH = YES;
				SDKROOT = iphoneos;
				SWIFT_ACTIVE_COMPILATION_CONDITIONS = DEBUG;
				SWIFT_OPTIMIZATION_LEVEL = "-Onone";
			};
			name = Debug;
		};
		58955D5C294B5C0E0060C43C /* Release */ = {
			isa = XCBuildConfiguration;
			buildSettings = {
				ALWAYS_SEARCH_USER_PATHS = NO;
				CLANG_ANALYZER_NONNULL = YES;
				CLANG_ANALYZER_NUMBER_OBJECT_CONVERSION = YES_AGGRESSIVE;
				CLANG_CXX_LANGUAGE_STANDARD = "gnu++17";
				CLANG_ENABLE_MODULES = YES;
				CLANG_ENABLE_OBJC_ARC = YES;
				CLANG_ENABLE_OBJC_WEAK = YES;
				CLANG_WARN_BLOCK_CAPTURE_AUTORELEASING = YES;
				CLANG_WARN_BOOL_CONVERSION = YES;
				CLANG_WARN_COMMA = YES;
				CLANG_WARN_CONSTANT_CONVERSION = YES;
				CLANG_WARN_DEPRECATED_OBJC_IMPLEMENTATIONS = YES;
				CLANG_WARN_DIRECT_OBJC_ISA_USAGE = YES_ERROR;
				CLANG_WARN_DOCUMENTATION_COMMENTS = YES;
				CLANG_WARN_EMPTY_BODY = YES;
				CLANG_WARN_ENUM_CONVERSION = YES;
				CLANG_WARN_INFINITE_RECURSION = YES;
				CLANG_WARN_INT_CONVERSION = YES;
				CLANG_WARN_NON_LITERAL_NULL_CONVERSION = YES;
				CLANG_WARN_OBJC_IMPLICIT_RETAIN_SELF = YES;
				CLANG_WARN_OBJC_LITERAL_CONVERSION = YES;
				CLANG_WARN_OBJC_ROOT_CLASS = YES_ERROR;
				CLANG_WARN_QUOTED_INCLUDE_IN_FRAMEWORK_HEADER = YES;
				CLANG_WARN_RANGE_LOOP_ANALYSIS = YES;
				CLANG_WARN_STRICT_PROTOTYPES = YES;
				CLANG_WARN_SUSPICIOUS_MOVE = YES;
				CLANG_WARN_UNGUARDED_AVAILABILITY = YES_AGGRESSIVE;
				CLANG_WARN_UNREACHABLE_CODE = YES;
				CLANG_WARN__DUPLICATE_METHOD_MATCH = YES;
				COPY_PHASE_STRIP = NO;
				DEBUG_INFORMATION_FORMAT = "dwarf-with-dsym";
				ENABLE_NS_ASSERTIONS = NO;
				ENABLE_STRICT_OBJC_MSGSEND = YES;
				GCC_C_LANGUAGE_STANDARD = gnu11;
				GCC_NO_COMMON_BLOCKS = YES;
				GCC_WARN_64_TO_32_BIT_CONVERSION = YES;
				GCC_WARN_ABOUT_RETURN_TYPE = YES_ERROR;
				GCC_WARN_UNDECLARED_SELECTOR = YES;
				GCC_WARN_UNINITIALIZED_AUTOS = YES_AGGRESSIVE;
				GCC_WARN_UNUSED_FUNCTION = YES;
				GCC_WARN_UNUSED_VARIABLE = YES;
				IPHONEOS_DEPLOYMENT_TARGET = 15.5;
				MTL_ENABLE_DEBUG_INFO = NO;
				MTL_FAST_MATH = YES;
				SDKROOT = iphoneos;
				SWIFT_COMPILATION_MODE = wholemodule;
				SWIFT_OPTIMIZATION_LEVEL = "-O";
				VALIDATE_PRODUCT = YES;
			};
			name = Release;
		};
		58955D5E294B5C0E0060C43C /* Debug */ = {
			isa = XCBuildConfiguration;
			buildSettings = {
				ASSETCATALOG_COMPILER_APPICON_NAME = AppIcon;
				ASSETCATALOG_COMPILER_GLOBAL_ACCENT_COLOR_NAME = AccentColor;
				CODE_SIGN_STYLE = Automatic;
				CURRENT_PROJECT_VERSION = 1;
				DEVELOPMENT_TEAM = A7X427YJGK;
				GENERATE_INFOPLIST_FILE = YES;
				INFOPLIST_FILE = iBazre/Info.plist;
				INFOPLIST_KEY_NSCameraUsageDescription = "Please allow access to take a profile picture";
				INFOPLIST_KEY_NSPhotoLibraryAddUsageDescription = "Allow access to library to add picture";
				INFOPLIST_KEY_UIApplicationSupportsIndirectInputEvents = YES;
				INFOPLIST_KEY_UILaunchStoryboardName = LaunchScreen;
				INFOPLIST_KEY_UIMainStoryboardFile = Main;
				INFOPLIST_KEY_UISupportedInterfaceOrientations = UIInterfaceOrientationPortrait;
				INFOPLIST_KEY_UISupportedInterfaceOrientations_iPad = "UIInterfaceOrientationPortrait UIInterfaceOrientationPortraitUpsideDown UIInterfaceOrientationLandscapeLeft UIInterfaceOrientationLandscapeRight";
				INFOPLIST_KEY_UISupportedInterfaceOrientations_iPhone = "UIInterfaceOrientationPortrait UIInterfaceOrientationLandscapeLeft UIInterfaceOrientationLandscapeRight";
				LD_RUNPATH_SEARCH_PATHS = (
					"$(inherited)",
					"@executable_path/Frameworks",
				);
				MARKETING_VERSION = 1.0;
				PRODUCT_BUNDLE_IDENTIFIER = "-.iBazre";
				PRODUCT_NAME = "$(TARGET_NAME)";
				SWIFT_EMIT_LOC_STRINGS = YES;
				SWIFT_VERSION = 5.0;
				TARGETED_DEVICE_FAMILY = "1,2";
			};
			name = Debug;
		};
		58955D5F294B5C0E0060C43C /* Release */ = {
			isa = XCBuildConfiguration;
			buildSettings = {
				ASSETCATALOG_COMPILER_APPICON_NAME = AppIcon;
				ASSETCATALOG_COMPILER_GLOBAL_ACCENT_COLOR_NAME = AccentColor;
				CODE_SIGN_STYLE = Automatic;
				CURRENT_PROJECT_VERSION = 1;
				DEVELOPMENT_TEAM = A7X427YJGK;
				GENERATE_INFOPLIST_FILE = YES;
				INFOPLIST_FILE = iBazre/Info.plist;
				INFOPLIST_KEY_NSCameraUsageDescription = "Please allow access to take a profile picture";
				INFOPLIST_KEY_NSPhotoLibraryAddUsageDescription = "Allow access to library to add picture";
				INFOPLIST_KEY_UIApplicationSupportsIndirectInputEvents = YES;
				INFOPLIST_KEY_UILaunchStoryboardName = LaunchScreen;
				INFOPLIST_KEY_UIMainStoryboardFile = Main;
				INFOPLIST_KEY_UISupportedInterfaceOrientations = UIInterfaceOrientationPortrait;
				INFOPLIST_KEY_UISupportedInterfaceOrientations_iPad = "UIInterfaceOrientationPortrait UIInterfaceOrientationPortraitUpsideDown UIInterfaceOrientationLandscapeLeft UIInterfaceOrientationLandscapeRight";
				INFOPLIST_KEY_UISupportedInterfaceOrientations_iPhone = "UIInterfaceOrientationPortrait UIInterfaceOrientationLandscapeLeft UIInterfaceOrientationLandscapeRight";
				LD_RUNPATH_SEARCH_PATHS = (
					"$(inherited)",
					"@executable_path/Frameworks",
				);
				MARKETING_VERSION = 1.0;
				PRODUCT_BUNDLE_IDENTIFIER = "-.iBazre";
				PRODUCT_NAME = "$(TARGET_NAME)";
				SWIFT_EMIT_LOC_STRINGS = YES;
				SWIFT_VERSION = 5.0;
				TARGETED_DEVICE_FAMILY = "1,2";
			};
			name = Release;
		};
/* End XCBuildConfiguration section */

/* Begin XCConfigurationList section */
		58955D41294B5C0D0060C43C /* Build configuration list for PBXProject "iBazre" */ = {
			isa = XCConfigurationList;
			buildConfigurations = (
				58955D5B294B5C0E0060C43C /* Debug */,
				58955D5C294B5C0E0060C43C /* Release */,
			);
			defaultConfigurationIsVisible = 0;
			defaultConfigurationName = Release;
		};
		58955D5D294B5C0E0060C43C /* Build configuration list for PBXNativeTarget "iBazre" */ = {
			isa = XCConfigurationList;
			buildConfigurations = (
				58955D5E294B5C0E0060C43C /* Debug */,
				58955D5F294B5C0E0060C43C /* Release */,
			);
			defaultConfigurationIsVisible = 0;
			defaultConfigurationName = Release;
		};
/* End XCConfigurationList section */

/* Begin XCRemoteSwiftPackageReference section */
		58116CC0296C9DBB00106CB1 /* XCRemoteSwiftPackageReference "SideMenu" */ = {
			isa = XCRemoteSwiftPackageReference;
			repositoryURL = "https://github.com/jonkykong/SideMenu.git";
			requirement = {
				branch = master;
				kind = branch;
			};
		};
		58A0D411298A70F70035EFC2 /* XCRemoteSwiftPackageReference "JGProgressHUD" */ = {
			isa = XCRemoteSwiftPackageReference;
			repositoryURL = "https://github.com/JonasGessner/JGProgressHUD";
			requirement = {
				kind = upToNextMajorVersion;
				minimumVersion = 2.0.0;
			};
		};
		58A0D414298A725B0035EFC2 /* XCRemoteSwiftPackageReference "MessageKit" */ = {
			isa = XCRemoteSwiftPackageReference;
			repositoryURL = "https://github.com/MessageKit/MessageKit";
			requirement = {
				kind = upToNextMajorVersion;
				minimumVersion = 4.0.0;
			};
		};
		58A0D417298A73810035EFC2 /* XCRemoteSwiftPackageReference "realm-swift" */ = {
			isa = XCRemoteSwiftPackageReference;
			repositoryURL = "https://github.com/realm/realm-swift";
			requirement = {
				branch = master;
				kind = branch;
			};
		};
		58F66E162979112E00CB8D36 /* XCRemoteSwiftPackageReference "firebase-ios-sdk" */ = {
			isa = XCRemoteSwiftPackageReference;
			repositoryURL = "https://github.com/firebase/firebase-ios-sdk";
			requirement = {
				branch = master;
				kind = branch;
			};
		};
/* End XCRemoteSwiftPackageReference section */

/* Begin XCSwiftPackageProductDependency section */
		58116CC1296C9DBB00106CB1 /* SideMenu */ = {
			isa = XCSwiftPackageProductDependency;
			package = 58116CC0296C9DBB00106CB1 /* XCRemoteSwiftPackageReference "SideMenu" */;
			productName = SideMenu;
		};
		58A0D412298A70F70035EFC2 /* JGProgressHUD */ = {
			isa = XCSwiftPackageProductDependency;
			package = 58A0D411298A70F70035EFC2 /* XCRemoteSwiftPackageReference "JGProgressHUD" */;
			productName = JGProgressHUD;
		};
		58A0D415298A725B0035EFC2 /* MessageKit */ = {
			isa = XCSwiftPackageProductDependency;
			package = 58A0D414298A725B0035EFC2 /* XCRemoteSwiftPackageReference "MessageKit" */;
			productName = MessageKit;
		};
		58A0D418298A73810035EFC2 /* Realm */ = {
			isa = XCSwiftPackageProductDependency;
			package = 58A0D417298A73810035EFC2 /* XCRemoteSwiftPackageReference "realm-swift" */;
			productName = Realm;
		};
		58A0D41A298A73810035EFC2 /* RealmSwift */ = {
			isa = XCSwiftPackageProductDependency;
			package = 58A0D417298A73810035EFC2 /* XCRemoteSwiftPackageReference "realm-swift" */;
			productName = RealmSwift;
		};
		58F66E172979112E00CB8D36 /* FirebaseAuth */ = {
			isa = XCSwiftPackageProductDependency;
			package = 58F66E162979112E00CB8D36 /* XCRemoteSwiftPackageReference "firebase-ios-sdk" */;
			productName = FirebaseAuth;
		};
		58F66E192979112E00CB8D36 /* FirebaseDatabase */ = {
			isa = XCSwiftPackageProductDependency;
			package = 58F66E162979112E00CB8D36 /* XCRemoteSwiftPackageReference "firebase-ios-sdk" */;
			productName = FirebaseDatabase;
		};
		58F66E1B2979112E00CB8D36 /* FirebaseFirestore */ = {
			isa = XCSwiftPackageProductDependency;
			package = 58F66E162979112E00CB8D36 /* XCRemoteSwiftPackageReference "firebase-ios-sdk" */;
			productName = FirebaseFirestore;
		};
		58F66E1D2979112E00CB8D36 /* FirebaseMessaging */ = {
			isa = XCSwiftPackageProductDependency;
			package = 58F66E162979112E00CB8D36 /* XCRemoteSwiftPackageReference "firebase-ios-sdk" */;
			productName = FirebaseMessaging;
		};
		58F66E1F2979112E00CB8D36 /* FirebaseStorage */ = {
			isa = XCSwiftPackageProductDependency;
			package = 58F66E162979112E00CB8D36 /* XCRemoteSwiftPackageReference "firebase-ios-sdk" */;
			productName = FirebaseStorage;
		};
/* End XCSwiftPackageProductDependency section */

/* Begin XCVersionGroup section */
		58955D52294B5C0D0060C43C /* iBazre.xcdatamodeld */ = {
			isa = XCVersionGroup;
			children = (
				58955D53294B5C0D0060C43C /* iBazre.xcdatamodel */,
			);
			currentVersion = 58955D53294B5C0D0060C43C /* iBazre.xcdatamodel */;
			path = iBazre.xcdatamodeld;
			sourceTree = "<group>";
			versionGroupType = wrapper.xcdatamodel;
		};
/* End XCVersionGroup section */
	};
	rootObject = 58955D3E294B5C0D0060C43C /* Project object */;
}
